
Microsoft Visual Studio Solution File, Format Version 12.00
# Visual Studio Version 16
VisualStudioVersion = 16.0.30517.126
MinimumVisualStudioVersion = 10.0.40219.1
Project("{FAE04EC0-301F-11D3-BF4B-00C04F79EFBC}") = "ConsoleAppFullFramework", "ConsoleAppFullFramework\ConsoleAppFullFramework.csproj", "{53DA74F7-9B9B-410D-9388-56C9600A629B}"
EndProject
Project("{FAE04EC0-301F-11D3-BF4B-00C04F79EFBC}") = "ConsoleAppCore", "ConsoleAppCore\ConsoleAppCore.csproj", "{FFB0D82D-72E5-4C9A-9DCD-7C45ACFC93A7}"
EndProject
Global
	GlobalSection(SolutionConfigurationPlatforms) = preSolution
		Debug|Any CPU = Debug|Any CPU
		Release|Any CPU = Release|Any CPU
	EndGlobalSection
	GlobalSection(ProjectConfigurationPlatforms) = postSolution
		{53DA74F7-9B9B-410D-9388-56C9600A629B}.Debug|Any CPU.ActiveCfg = Debug|Any CPU
		{53DA74F7-9B9B-410D-9388-56C9600A629B}.Debug|Any CPU.Build.0 = Debug|Any CPU
		{53DA74F7-9B9B-410D-9388-56C9600A629B}.Release|Any CPU.ActiveCfg = Release|Any CPU
		{53DA74F7-9B9B-410D-9388-56C9600A629B}.Release|Any CPU.Build.0 = Release|Any CPU
		{FFB0D82D-72E5-4C9A-9DCD-7C45ACFC93A7}.Debug|Any CPU.ActiveCfg = Debug|Any CPU
		{FFB0D82D-72E5-4C9A-9DCD-7C45ACFC93A7}.Debug|Any CPU.Build.0 = Debug|Any CPU
		{FFB0D82D-72E5-4C9A-9DCD-7C45ACFC93A7}.Release|Any CPU.ActiveCfg = Release|Any CPU
		{FFB0D82D-72E5-4C9A-9DCD-7C45ACFC93A7}.Release|Any CPU.Build.0 = Release|Any CPU
	EndGlobalSection
	GlobalSection(SolutionProperties) = preSolution
		HideSolutionNode = FALSE
	EndGlobalSection
	GlobalSection(ExtensibilityGlobals) = postSolution
		SolutionGuid = {B5EC2C3F-A72F-49B6-993C-C924635C6ED2}
	EndGlobalSection
EndGlobal
